
Microsoft Visual Studio Solution File, Format Version 12.00
# Visual Studio Version 17
VisualStudioVersion = 17.3.32922.545
MinimumVisualStudioVersion = 10.0.40219.1
Project("{FAE04EC0-301F-11D3-BF4B-00C04F79EFBC}") = "Данные о продажах1", "Данные о продажах1\Данные о продажах1.csproj", "{DE6A189C-9340-4611-8223-2E83454E1CB8}"
EndProject
Global
	GlobalSection(SolutionConfigurationPlatforms) = preSolution
		Debug|Any CPU = Debug|Any CPU
		Release|Any CPU = Release|Any CPU
	EndGlobalSection
	GlobalSection(ProjectConfigurationPlatforms) = postSolution
		{DE6A189C-9340-4611-8223-2E83454E1CB8}.Debug|Any CPU.ActiveCfg = Debug|Any CPU
		{DE6A189C-9340-4611-8223-2E83454E1CB8}.Debug|Any CPU.Build.0 = Debug|Any CPU
		{DE6A189C-9340-4611-8223-2E83454E1CB8}.Release|Any CPU.ActiveCfg = Release|Any CPU
		{DE6A189C-9340-4611-8223-2E83454E1CB8}.Release|Any CPU.Build.0 = Release|Any CPU
	EndGlobalSection
	GlobalSection(SolutionProperties) = preSolution
		HideSolutionNode = FALSE
	EndGlobalSection
	GlobalSection(ExtensibilityGlobals) = postSolution
		SolutionGuid = {FA26FF45-EC9A-4EB9-B100-C27AAFA788D6}
	EndGlobalSection
EndGlobal
